
Microsoft Visual Studio Solution File, Format Version 12.00
# Visual Studio Version 17
VisualStudioVersion = 17.14.36518.9
MinimumVisualStudioVersion = 10.0.40219.1
Project("{8BC9CEB8-8B4A-11D0-8D11-00A0C91BC942}") = "box2d_poc", "box2d_poc\box2d_poc.vcxproj", "{DF8ADECA-809B-421D-8626-E3B4D5A31FCE}"
EndProject
Global
	GlobalSection(SolutionConfigurationPlatforms) = preSolution
		Debug|x64 = Debug|x64
		Debug|x86 = Debug|x86
		Release|x64 = Release|x64
		Release|x86 = Release|x86
	EndGlobalSection
	GlobalSection(ProjectConfigurationPlatforms) = postSolution
		{DF8ADECA-809B-421D-8626-E3B4D5A31FCE}.Debug|x64.ActiveCfg = Debug|x64
		{DF8ADECA-809B-421D-8626-E3B4D5A31FCE}.Debug|x64.Build.0 = Debug|x64
		{DF8ADECA-809B-421D-8626-E3B4D5A31FCE}.Debug|x86.ActiveCfg = Debug|Win32
		{DF8ADECA-809B-421D-8626-E3B4D5A31FCE}.Debug|x86.Build.0 = Debug|Win32
		{DF8ADECA-809B-421D-8626-E3B4D5A31FCE}.Release|x64.ActiveCfg = Release|x64
		{DF8ADECA-809B-421D-8626-E3B4D5A31FCE}.Release|x64.Build.0 = Release|x64
		{DF8ADECA-809B-421D-8626-E3B4D5A31FCE}.Release|x86.ActiveCfg = Release|Win32
		{DF8ADECA-809B-421D-8626-E3B4D5A31FCE}.Release|x86.Build.0 = Release|Win32
	EndGlobalSection
	GlobalSection(SolutionProperties) = preSolution
		HideSolutionNode = FALSE
	EndGlobalSection
	GlobalSection(ExtensibilityGlobals) = postSolution
		SolutionGuid = {91F7561E-9656-44AD-8117-FC6DE92EC41B}
	EndGlobalSection
EndGlobal
